{
  "version": "5",
  "specifiers": {
    "jsr:@deno/loader@~0.3.11": "0.3.14",
    "jsr:@kuboon/tailwindcss-deno@~0.1.3": "0.1.3",
    "jsr:@std/assert@^1.0.19": "1.0.19",
    "jsr:@std/encoding@^1.0.10": "1.0.11",
    "jsr:@std/internal@^1.0.12": "1.0.14",
    "jsr:@std/internal@^1.0.14": "1.0.14",
    "jsr:@std/path@^1.1.4": "1.1.6",
    "npm:@jridgewell/remapping@^2.3.5": "2.3.5",
    "npm:@remix-run/fetch-router@0.20.1": "0.20.1",
    "npm:@remix-run/response@0.3.7": "0.3.7",
    "npm:@remix-run/static-middleware@0.4.13": "0.4.13",
    "npm:@remix-run/ui@0.4": "0.4.0",
    "npm:@tailwindcss/oxide@^4.1.18": "4.3.2",
    "npm:arktype@^2.2.0": "2.2.2",
    "npm:daisyui@^5.5.19": "5.6.14",
    "npm:lightningcss@^1.31.1": "1.32.0",
    "npm:magic-string@~0.30.21": "0.30.21",
    "npm:source-map-js@^1.2.1": "1.2.1",
    "npm:tailwindcss@^4.1.18": "4.3.2"
  },
  "jsr": {
    "@deno/loader@0.3.14": {
      "integrity": "97bc63a6cc2d27a60bcdc953f588c5213331d866d44212eebb24cebfb9b011ca"
    },
    "@kuboon/tailwindcss-deno@0.1.3": {
      "integrity": "a062de4b032ce6c4fd70bc88a55247937a12314d45b43d07ece5f757fffd986c",
      "dependencies": [
        "jsr:@deno/loader",
        "jsr:@std/encoding",
        "jsr:@std/path",
        "npm:@jridgewell/remapping",
        "npm:lightningcss",
        "npm:magic-string",
        "npm:source-map-js",
        "npm:tailwindcss"
      ]
    },
    "@std/assert@1.0.19": {
      "integrity": "eaada96ee120cb980bc47e040f82814d786fe8162ecc53c91d8df60b8755991e",
      "dependencies": [
        "jsr:@std/internal@^1.0.12"
      ]
    },
    "@std/encoding@1.0.11": {
      "integrity": "e7cef2f0b3153bccc17431e7c864a1de03a4b6d9647389c43e08aaa775d37385"
    },
    "@std/internal@1.0.14": {
      "integrity": "291516b3d4c35024d6ffbc0a9df5bf4c64116e05b50012cf846710152d2ffdf7"
    },
    "@std/path@1.1.6": {
      "integrity": "c68485c2a4dfbb5ae3cc74fae4e8c4e5d874cf8a8ed12927917235c758b46cbe",
      "dependencies": [
        "jsr:@std/internal@^1.0.14"
      ]
    }
  },
  "npm": {
    "@ark/schema@0.56.1": {
      "integrity": "sha512-1Cf2g9nKD8K/3JGRu+gCCfYw5d4qR8YLLjDs5W5kpmaButCYWAPFUJqSXyBATPjglzCd4tIkp398iPYVs8MjRA==",
      "dependencies": [
        "@ark/util"
      ]
    },
    "@ark/util@0.56.1": {
      "integrity": "sha512-Tp1rTik3q5Z+jAeeDxr5JZpmVIw0miti1ykSEHyZv5Pw3TIJl2xbN6KTacOxITp0l3s9ytlrWd30Zvqcy5vzoQ=="
    },
    "@jridgewell/gen-mapping@0.3.13": {
      "integrity": "sha512-2kkt/7niJ6MgEPxF0bYdQ6etZaA+fQvDcLKckhy1yIQOzaoKjBBjSj63/aLVjYE3qhRt5dvM+uUyfCg6UKCBbA==",
      "dependencies": [
        "@jridgewell/sourcemap-codec",
        "@jridgewell/trace-mapping"
      ]
    },
    "@jridgewell/remapping@2.3.5": {
      "integrity": "sha512-LI9u/+laYG4Ds1TDKSJW2YPrIlcVYOwi2fUC6xB43lueCjgxV4lffOCZCtYFiH6TNOX+tQKXx97T4IKHbhyHEQ==",
      "dependencies": [
        "@jridgewell/gen-mapping",
        "@jridgewell/trace-mapping"
      ]
    },
    "@jridgewell/resolve-uri@3.1.2": {
      "integrity": "sha512-bRISgCIjP20/tbWSPWMEi54QVPRZExkuD9lJL+UIxUKtwVJA8wW1Trb1jMs1RFXo1CBTNZ/5hpC9QvmKWdopKw=="
    },
    "@jridgewell/sourcemap-codec@1.5.5": {
      "integrity": "sha512-cYQ9310grqxueWbl+WuIUIaiUaDcj7WOq5fVhEljNVgRfOUhY9fy2zTvfoqWsnebh8Sl70VScFbICvJnLKB0Og=="
    },
    "@jridgewell/trace-mapping@0.3.31": {
      "integrity": "sha512-zzNR+SdQSDJzc8joaeP8QQoCQr8NuYx2dIIytl1QeBEZHJ9uW6hebsrYgbz8hJwUQao3TWCMtmfV8Nu1twOLAw==",
      "dependencies": [
        "@jridgewell/resolve-uri",
        "@jridgewell/sourcemap-codec"
      ]
    },
    "@remix-run/fetch-router@0.20.1": {
      "integrity": "sha512-vxlIu4LHY5KyqOdlXFjJeUefUJxgc7499/cSsBl2bzhQnU5DayPHN/dklBOiG+U7GIYQMmObAinmubkwzaXyuw==",
      "dependencies": [
        "@remix-run/route-pattern"
      ]
    },
    "@remix-run/fs@0.4.6": {
      "integrity": "sha512-xxvixX/WyufRr6YrjPLGXvyE5Lzb5G/Y4tygk6McJ6nr59f3hO9w3aVc/lvsVPD7liYfM1EyMnmd4qIByJq9bg==",
      "dependencies": [
        "@remix-run/lazy-file",
        "@remix-run/mime"
      ]
    },
    "@remix-run/headers@0.21.1": {
      "integrity": "sha512-DRhRveigepAQDUIi0MrOFhpcl3/KTv/fkpIhulv7Asv1pUwM8RpY2ENjdI8lfii6Z3MEsWtYhGt6If8bi6bYpQ=="
    },
    "@remix-run/html-template@0.3.1": {
      "integrity": "sha512-4yhaBtfh1iVC1razTr+ehu1xmKia0zvE4GWQ6JF2IRiA3kmw+DlrdNFEFqx5Wn1eXAM0vxxcJLdLD7e0XMzH5A=="
    },
    "@remix-run/lazy-file@5.0.6": {
      "integrity": "sha512-jIeeqkqR+AgTEKls5WMPbiGyXhrkAJugN4ot/K9X74CLzO9uMbcFDKef7CWCfjN1s+551u+5LxNWLJx1nztuVg==",
      "dependencies": [
        "@remix-run/mime"
      ]
    },
    "@remix-run/mime@0.4.2": {
      "integrity": "sha512-KpZZxBYIrLsvUtt2ZdwK+E2ClVmyvW11Nej6fPgwJpohBMpbCHtR78wtCTv0vqvK5ckLZ7ks2q4pV5dMYFypiA=="
    },
    "@remix-run/response@0.3.7": {
      "integrity": "sha512-f3VWP4NNxgBt+oJfRbgqLYaMXonMdeHhbzAyLfqMzZAwe/ukUwwGoTtER2xlRPDxFlr9Tqa3NFC8PrSmp+rfmA==",
      "dependencies": [
        "@remix-run/headers",
        "@remix-run/html-template",
        "@remix-run/mime"
      ]
    },
    "@remix-run/route-pattern@0.23.0": {
      "integrity": "sha512-8eZfG9owfdvC1OqWemjyIqbFTjWbKTW8RrcbppXrnv1GHMIpFOQx9Ly6F1OXNM03aK1c923JypacoRjamyfVEw=="
    },
    "@remix-run/static-middleware@0.4.13": {
      "integrity": "sha512-32oI2hbVR+GN/sduxOZSY1WNaEasKDm7X7o79eBGG5E78dV5mi0ijGLldHfAEazyRQyqeYzvG292RWUfkFJetA==",
      "dependencies": [
        "@remix-run/fetch-router",
        "@remix-run/fs",
        "@remix-run/html-template",
        "@remix-run/mime",
        "@remix-run/response"
      ]
    },
    "@remix-run/ui@0.4.0": {
      "integrity": "sha512-0whpy2s0V5ZHsErcEPESUZ7McmKQ3Nn1Ut5j4CkQVeos5VT3e1z/+osERMywUNTo2nyeUMpEMte5bFmaoleI3g==",
      "dependencies": [
        "@types/dom-navigation"
      ]
    },
    "@tailwindcss/oxide-android-arm64@4.3.2": {
      "integrity": "sha512-WHxqIuHpvZ5VtdX6GTl1Ik/Vp2YuN42Et+0CdeaVd/frQ9jAvGmvR8vLT+jk3e8/Q3x8kECB9+R17pgpp2BulA==",
      "os": ["android"],
      "cpu": ["arm64"]
    },
    "@tailwindcss/oxide-darwin-arm64@4.3.2": {
      "integrity": "sha512-GZypeUY/IDJW3877KeM+O67vbXr3MBnbtEL4aYhNErv/JWZhye2vGSWWG9tB6iiqR2MqRNkY8IOUy4NdSZV26w==",
      "os": ["darwin"],
      "cpu": ["arm64"]
    },
    "@tailwindcss/oxide-darwin-x64@4.3.2": {
      "integrity": "sha512-UIIzmefR6KO1sDU7MzRqAxC8iBpft/VhkGjTjnhoS6k7Z3rQ9wEgA1ODSiyH/tcSYssulNm4Ci3hOeK1jH7ccQ==",
      "os": ["darwin"],
      "cpu": ["x64"]
    },
    "@tailwindcss/oxide-freebsd-x64@4.3.2": {
      "integrity": "sha512-GN+uAmcI6DNspnCDwtOAZrTz6oukJnp337qZvxqCGLd3BHBzJpO0ZbTLRvJNdztOeAmTzewewGIMPb0tk2R4WA==",
      "os": ["freebsd"],
      "cpu": ["x64"]
    },
    "@tailwindcss/oxide-linux-arm-gnueabihf@4.3.2": {
      "integrity": "sha512-4ABn7qSbdHRwTiDiuWNegCyb5+2FJ4vKIKc3DmKrvAFw7MU1Lm11dIkTPwUaFdTzc7IsOpDbqBrlh0x6y36U/w==",
      "os": ["linux"],
      "cpu": ["arm"]
    },
    "@tailwindcss/oxide-linux-arm64-gnu@4.3.2": {
      "integrity": "sha512-wDgEIGwoM8w8pufh9LVt1PahDgNdKXrLC2qfAnV3vAmococ9RWbxeAw4pxPttd/TsJfwjyLf90Dg1y9y8I6Emw==",
      "os": ["linux"],
      "cpu": ["arm64"]
    },
    "@tailwindcss/oxide-linux-arm64-musl@4.3.2": {
      "integrity": "sha512-J5Nuk0uZQIiMTJj3LEx4sAA9tMFUoXQZFv1J6An+QGYe53HKRJuFDi0rpq/tuouCZeAbOBY3kQ6g8qeD4TUjtA==",
      "os": ["linux"],
      "cpu": ["arm64"]
    },
    "@tailwindcss/oxide-linux-x64-gnu@4.3.2": {
      "integrity": "sha512-kqCZpSKOBEJO4mz7OqWoofBZeXTAwaVGPj0ErAj7CojmhKpWVWVOnrt9dE8odoIraZq4oj3ausM37kXi+Tow8w==",
      "os": ["linux"],
      "cpu": ["x64"]
    },
    "@tailwindcss/oxide-linux-x64-musl@4.3.2": {
      "integrity": "sha512-cixpqbh2toJDmkuCRI68nXA8ZxNmdK9Y+9v5h3MC3ZQKy/0BO8AWzlkWyRM7JAFSGBlfig4YVTPsK6MVgqz1uw==",
      "os": ["linux"],
      "cpu": ["x64"]
    },
    "@tailwindcss/oxide-wasm32-wasi@4.3.2": {
      "integrity": "sha512-4ec2Z/LOmRsAgU23CS4xeJfcJlmRg94A/XrbGRCF1gyU/zdDfRLYDVsS+ynSZCmGNxQ1jQriQOKMQeQxBA3Isw==",
      "cpu": ["wasm32"]
    },
    "@tailwindcss/oxide-win32-arm64-msvc@4.3.2": {
      "integrity": "sha512-Zyr/M0+XcYZu3bZrUytc7TXvrk0ftWfl8gN2MwekNDzhqhKRUucMPSeOzM0o0wH5AWOU49BsKRrfKxI2atCPMQ==",
      "os": ["win32"],
      "cpu": ["arm64"]
    },
    "@tailwindcss/oxide-win32-x64-msvc@4.3.2": {
      "integrity": "sha512-QI9BO7KlNZsp2GuO0jwAAj5jCDABOKXRkCk2XuKTSaNEFSdfzqswYVTtCHBNKHLsqyjFyFkqlDiwkNbTYSssMQ==",
      "os": ["win32"],
      "cpu": ["x64"]
    },
    "@tailwindcss/oxide@4.3.2": {
      "integrity": "sha512-z8ZgnzX8gdNoWLBLqBPoh/sjnxkwvf9ZuWjnO0l0yIzbLa5/9S+eC5QxGZKRobVHIC3/1BoMWjHblqWjcgFgag==",
      "optionalDependencies": [
        "@tailwindcss/oxide-android-arm64",
        "@tailwindcss/oxide-darwin-arm64",
        "@tailwindcss/oxide-darwin-x64",
        "@tailwindcss/oxide-freebsd-x64",
        "@tailwindcss/oxide-linux-arm-gnueabihf",
        "@tailwindcss/oxide-linux-arm64-gnu",
        "@tailwindcss/oxide-linux-arm64-musl",
        "@tailwindcss/oxide-linux-x64-gnu",
        "@tailwindcss/oxide-linux-x64-musl",
        "@tailwindcss/oxide-wasm32-wasi",
        "@tailwindcss/oxide-win32-arm64-msvc",
        "@tailwindcss/oxide-win32-x64-msvc"
      ]
    },
    "@types/dom-navigation@1.0.7": {
      "integrity": "sha512-Di4W+i2faYquHUnyWUg3bBQp5pTNvjDDA7mIYfD/1WlLgan6sKkeVjGbdL78K0CuNEk5Pfc/c0rfelwkz10mnQ=="
    },
    "arkregex@0.0.7": {
      "integrity": "sha512-O/Ltrn9EUSn3ui0KVzfyrWGDUsHlzKxDVBtpQxL/6JmLRMAZAebfSNf/A/J5Ny5S6QIwrXX+RfXsu888HMs35A==",
      "dependencies": [
        "@ark/util"
      ]
    },
    "arktype@2.2.2": {
      "integrity": "sha512-YYf1xhL2dh5aPZFlsY0RAsxv5HZqfLGLptH2ZP3JidTmsGRW8VOymhPjjMTkerL12vR2YtX0SK4c1mATtae8SA==",
      "dependencies": [
        "@ark/schema",
        "@ark/util",
        "arkregex"
      ]
    },
    "daisyui@5.6.14": {
      "integrity": "sha512-PFDSzWbCSok8jNFprlJh3qzat1HeigsX8RKChHrjY8UFBB79idGP17Gtmcv5CaH4EyyhvIn8DDtua4sk6dRzOQ=="
    },
    "detect-libc@2.1.2": {
      "integrity": "sha512-Btj2BOOO83o3WyH59e8MgXsxEQVcarkUOpEYrubB0urwnN10yQ364rsiByU11nZlqWYZm05i/of7io4mzihBtQ=="
    },
    "lightningcss-android-arm64@1.32.0": {
      "integrity": "sha512-YK7/ClTt4kAK0vo6w3X+Pnm0D2cf2vPHbhOXdoNti1Ga0al1P4TBZhwjATvjNwLEBCnKvjJc2jQgHXH0NEwlAg==",
      "os": ["android"],
      "cpu": ["arm64"]
    },
    "lightningcss-darwin-arm64@1.32.0": {
      "integrity": "sha512-RzeG9Ju5bag2Bv1/lwlVJvBE3q6TtXskdZLLCyfg5pt+HLz9BqlICO7LZM7VHNTTn/5PRhHFBSjk5lc4cmscPQ==",
      "os": ["darwin"],
      "cpu": ["arm64"]
    },
    "lightningcss-darwin-x64@1.32.0": {
      "integrity": "sha512-U+QsBp2m/s2wqpUYT/6wnlagdZbtZdndSmut/NJqlCcMLTWp5muCrID+K5UJ6jqD2BFshejCYXniPDbNh73V8w==",
      "os": ["darwin"],
      "cpu": ["x64"]
    },
    "lightningcss-freebsd-x64@1.32.0": {
      "integrity": "sha512-JCTigedEksZk3tHTTthnMdVfGf61Fky8Ji2E4YjUTEQX14xiy/lTzXnu1vwiZe3bYe0q+SpsSH/CTeDXK6WHig==",
      "os": ["freebsd"],
      "cpu": ["x64"]
    },
    "lightningcss-linux-arm-gnueabihf@1.32.0": {
      "integrity": "sha512-x6rnnpRa2GL0zQOkt6rts3YDPzduLpWvwAF6EMhXFVZXD4tPrBkEFqzGowzCsIWsPjqSK+tyNEODUBXeeVHSkw==",
      "os": ["linux"],
      "cpu": ["arm"]
    },
    "lightningcss-linux-arm64-gnu@1.32.0": {
      "integrity": "sha512-0nnMyoyOLRJXfbMOilaSRcLH3Jw5z9HDNGfT/gwCPgaDjnx0i8w7vBzFLFR1f6CMLKF8gVbebmkUN3fa/kQJpQ==",
      "os": ["linux"],
      "cpu": ["arm64"]
    },
    "lightningcss-linux-arm64-musl@1.32.0": {
      "integrity": "sha512-UpQkoenr4UJEzgVIYpI80lDFvRmPVg6oqboNHfoH4CQIfNA+HOrZ7Mo7KZP02dC6LjghPQJeBsvXhJod/wnIBg==",
      "os": ["linux"],
      "cpu": ["arm64"]
    },
    "lightningcss-linux-x64-gnu@1.32.0": {
      "integrity": "sha512-V7Qr52IhZmdKPVr+Vtw8o+WLsQJYCTd8loIfpDaMRWGUZfBOYEJeyJIkqGIDMZPwPx24pUMfwSxxI8phr/MbOA==",
      "os": ["linux"],
      "cpu": ["x64"]
    },
    "lightningcss-linux-x64-musl@1.32.0": {
      "integrity": "sha512-bYcLp+Vb0awsiXg/80uCRezCYHNg1/l3mt0gzHnWV9XP1W5sKa5/TCdGWaR/zBM2PeF/HbsQv/j2URNOiVuxWg==",
      "os": ["linux"],
      "cpu": ["x64"]
    },
    "lightningcss-win32-arm64-msvc@1.32.0": {
      "integrity": "sha512-8SbC8BR40pS6baCM8sbtYDSwEVQd4JlFTOlaD3gWGHfThTcABnNDBda6eTZeqbofalIJhFx0qKzgHJmcPTnGdw==",
      "os": ["win32"],
      "cpu": ["arm64"]
    },
    "lightningcss-win32-x64-msvc@1.32.0": {
      "integrity": "sha512-Amq9B/SoZYdDi1kFrojnoqPLxYhQ4Wo5XiL8EVJrVsB8ARoC1PWW6VGtT0WKCemjy8aC+louJnjS7U18x3b06Q==",
      "os": ["win32"],
      "cpu": ["x64"]
    },
    "lightningcss@1.32.0": {
      "integrity": "sha512-NXYBzinNrblfraPGyrbPoD19C1h9lfI/1mzgWYvXUTe414Gz/X1FD2XBZSZM7rRTrMA8JL3OtAaGifrIKhQ5yQ==",
      "dependencies": [
        "detect-libc"
      ],
      "optionalDependencies": [
        "lightningcss-android-arm64",
        "lightningcss-darwin-arm64",
        "lightningcss-darwin-x64",
        "lightningcss-freebsd-x64",
        "lightningcss-linux-arm-gnueabihf",
        "lightningcss-linux-arm64-gnu",
        "lightningcss-linux-arm64-musl",
        "lightningcss-linux-x64-gnu",
        "lightningcss-linux-x64-musl",
        "lightningcss-win32-arm64-msvc",
        "lightningcss-win32-x64-msvc"
      ]
    },
    "magic-string@0.30.21": {
      "integrity": "sha512-vd2F4YUyEXKGcLHoq+TEyCjxueSeHnFxyyjNp80yg0XV4vUhnDer/lvvlqM/arB5bXQN5K2/3oinyCRyx8T2CQ==",
      "dependencies": [
        "@jridgewell/sourcemap-codec"
      ]
    },
    "source-map-js@1.2.1": {
      "integrity": "sha512-UXWMKhLOwVKb728IUtQPXxfYU+usdybtUrK/8uGE8CQMvrhOpwvzDBwj0QhSL7MQc7vIsISBG8VQ8+IDQxpfQA=="
    },
    "tailwindcss@4.3.2": {
      "integrity": "sha512-WtctNNSH8A9jlMIqxzuYumOHU5uGZyRv0Q5svQl+oEPy5w84YpBxdb7MdqyiSPQge5jTJ6zFQLq0PFygdccSBA=="
    }
  },
  "workspace": {
    "dependencies": [
      "npm:daisyui@^5.5.19",
      "npm:tailwindcss@^4.1.18"
    ],
    "members": {
      "bundler": {
        "dependencies": [
          "jsr:@kuboon/tailwindcss-deno@~0.1.3",
          "npm:@tailwindcss/oxide@^4.1.18",
          "npm:daisyui@^5.5.19",
          "npm:tailwindcss@^4.1.18"
        ]
      },
      "client": {
        "dependencies": [
          "npm:@remix-run/ui@0.4"
        ]
      },
      "packages/zenpre": {
        "dependencies": [
          "jsr:@std/assert@^1.0.19",
          "npm:arktype@^2.2.0"
        ]
      },
      "server": {
        "dependencies": [
          "jsr:@std/assert@^1.0.19",
          "npm:@remix-run/fetch-router@0.20.1",
          "npm:@remix-run/response@0.3.7",
          "npm:@remix-run/static-middleware@0.4.13",
          "npm:@remix-run/ui@0.4"
        ]
      }
    }
  }
}
